
Microsoft Visual Studio Solution File, Format Version 12.00
# Visual Studio Version 16
VisualStudioVersion = 16.0.30517.126
MinimumVisualStudioVersion = 10.0.40219.1
Project("{FAE04EC0-301F-11D3-BF4B-00C04F79EFBC}") = "DataTimeTast", "DataTimeTast\DataTimeTast.csproj", "{E89E215C-9254-4C95-809B-DC92EAA3220B}"
EndProject
Global
	GlobalSection(SolutionConfigurationPlatforms) = preSolution
		Debug|Any CPU = Debug|Any CPU
		Release|Any CPU = Release|Any CPU
	EndGlobalSection
	GlobalSection(ProjectConfigurationPlatforms) = postSolution
		{E89E215C-9254-4C95-809B-DC92EAA3220B}.Debug|Any CPU.ActiveCfg = Debug|Any CPU
		{E89E215C-9254-4C95-809B-DC92EAA3220B}.Debug|Any CPU.Build.0 = Debug|Any CPU
		{E89E215C-9254-4C95-809B-DC92EAA3220B}.Release|Any CPU.ActiveCfg = Release|Any CPU
		{E89E215C-9254-4C95-809B-DC92EAA3220B}.Release|Any CPU.Build.0 = Release|Any CPU
	EndGlobalSection
	GlobalSection(SolutionProperties) = preSolution
		HideSolutionNode = FALSE
	EndGlobalSection
	GlobalSection(ExtensibilityGlobals) = postSolution
		SolutionGuid = {637BA8DD-4271-4A39-B21D-3623EEE3F6A8}
	EndGlobalSection
EndGlobal
